// !$*UTF8*$!
{
	archiveVersion = 1;
	classes = {
	};
	objectVersion = 77;
	objects = {

/* Begin PBXBuildFile section */
		19FDBB0FFCC5E1BFBACA400F /* MeetingSession.swift in Sources */ = {isa = PBXBuildFile; fileRef = A8A77661EEBBA5F56E644AD0 /* MeetingSession.swift */; };
		75959A4C82C0EFE55EA47EFA /* FileStore.swift in Sources */ = {isa = PBXBuildFile; fileRef = A9273C4E3435F044B5F075FF /* FileStore.swift */; };
		87FA4EE1B0D23D9BDE43954E /* SummarizationService.swift in Sources */ = {isa = PBXBuildFile; fileRef = 04C618A4AA8EE0B3F1B6C8DD /* SummarizationService.swift */; };
		8E2530B614773D8B35BDE7B9 /* AudioFileRecorder.swift in Sources */ = {isa = PBXBuildFile; fileRef = 773052F8ECC9718BF14A1B29 /* AudioFileRecorder.swift */; };
		95CE375CC6FB4FB0562F3964 /* ShareSheet.swift in Sources */ = {isa = PBXBuildFile; fileRef = EEFB51CA4261AC0E8A0C7E5B /* ShareSheet.swift */; };
		A0B1C2D3E4F5A6B7C8D9E0F2 /* models in Resources */ = {isa = PBXBuildFile; fileRef = A0B1C2D3E4F5A6B7C8D9E0F1 /* models */; };
		A11B22C33D44E55F6677889A /* Settings/SettingsView.swift in Sources */ = {isa = PBXBuildFile; fileRef = A11B22C33D44E55F66778899 /* Settings/SettingsView.swift */; };
		A1BC3F44C8FAF969EE7C1641 /* SessionView.swift in Sources */ = {isa = PBXBuildFile; fileRef = A73CCF9381359872DAE35A55 /* SessionView.swift */; };
		A20C37849C11588B6D4B4344 /* SessionViewModel.swift in Sources */ = {isa = PBXBuildFile; fileRef = E1BDBC98292B272B79D54F91 /* SessionViewModel.swift */; };
		B11B22C33D44E55F6677889A /* Settings/LegalDocumentView.swift in Sources */ = {isa = PBXBuildFile; fileRef = B11B22C33D44E55F66778899 /* Settings/LegalDocumentView.swift */; };
		B1C2D3E4F5A60718293A4B5E /* AppTheme.swift in Sources */ = {isa = PBXBuildFile; fileRef = E1F2A3B4C5D60718293A4B5D /* AppTheme.swift */; };
		BB95FEBEC4D7378AE63FE7BA /* RecordView.swift in Sources */ = {isa = PBXBuildFile; fileRef = 6BA19F0705B8E9640F5E78D4 /* RecordView.swift */; };
		C0D6457B1EFC0EC72A9378CD /* LiveTranscriptionService.swift in Sources */ = {isa = PBXBuildFile; fileRef = 8FEBC2BEBF23959E4AB0F195 /* LiveTranscriptionService.swift */; };
		C11B22C33D44E55F6677889A /* Settings/AIDisclosureSheetView.swift in Sources */ = {isa = PBXBuildFile; fileRef = C11B22C33D44E55F66778899 /* Settings/AIDisclosureSheetView.swift */; };
		C1D2E3F4A5B60718293A4B5E /* HomeView.swift in Sources */ = {isa = PBXBuildFile; fileRef = B1C2D3E4F5A60718293A4B5D /* HomeView.swift */; };
		C7A1D2B3E4F5061728394A5C /* ChatModels.swift in Sources */ = {isa = PBXBuildFile; fileRef = C7A1D2B3E4F5061728394A5B /* ChatModels.swift */; };
		C7A1D2B3E4F5061728394A5E /* ChatStore.swift in Sources */ = {isa = PBXBuildFile; fileRef = C7A1D2B3E4F5061728394A5D /* ChatStore.swift */; };
		C7A1D2B3E4F5061728394A60 /* ChatViewModel.swift in Sources */ = {isa = PBXBuildFile; fileRef = C7A1D2B3E4F5061728394A5F /* ChatViewModel.swift */; };
		C7A1D2B3E4F5061728394A62 /* ChatBubble.swift in Sources */ = {isa = PBXBuildFile; fileRef = C7A1D2B3E4F5061728394A61 /* ChatBubble.swift */; };
		C7A1D2B3E4F5061728394A64 /* ChatView.swift in Sources */ = {isa = PBXBuildFile; fileRef = C7A1D2B3E4F5061728394A63 /* ChatView.swift */; };
		D11B22C33D44E55F6677889A /* Resources/Legal/EULA.md in Resources */ = {isa = PBXBuildFile; fileRef = D11B22C33D44E55F66778899 /* Resources/Legal/EULA.md */; };
		D1E2F3A4B5C60718293A4B5E /* QandAEntryView.swift in Sources */ = {isa = PBXBuildFile; fileRef = D1E2F3A4B5C60718293A4B5D /* QandAEntryView.swift */; };
		E11B22C33D44E55F6677889A /* Resources/Legal/PRIVACY.md in Resources */ = {isa = PBXBuildFile; fileRef = E11B22C33D44E55F66778899 /* Resources/Legal/PRIVACY.md */; };
		E1F2A3B4C5D60718293A4B5E /* SessionsListView.swift in Sources */ = {isa = PBXBuildFile; fileRef = C1D2E3F4A5B60718293A4B5D /* SessionsListView.swift */; };
		F11B22C33D44E55F6677889A /* Resources/Legal/THIRD_PARTY_NOTICES.md in Resources */ = {isa = PBXBuildFile; fileRef = F11B22C33D44E55F66778899 /* Resources/Legal/THIRD_PARTY_NOTICES.md */; };
		F1A2B3C4D5E60718293A4B5E /* RecordingComponents.swift in Sources */ = {isa = PBXBuildFile; fileRef = F1A2B3C4D5E60718293A4B5D /* RecordingComponents.swift */; };
		F3CCB34E2F25E6B000FF3738 /* LeapSDK in Frameworks */ = {isa = PBXBuildFile; productRef = F3CCB34D2F25E6B000FF3738 /* LeapSDK */; };
		F3E4ACD12F136364004D18BD /* Assets.xcassets in Resources */ = {isa = PBXBuildFile; fileRef = F3E4ACCB2F136364004D18BD /* Assets.xcassets */; };
		F3E4ACD42F136364004D18BD /* meeting_transcriberApp.swift in Sources */ = {isa = PBXBuildFile; fileRef = F3E4ACCD2F136364004D18BD /* meeting_transcriberApp.swift */; };
		F3E4ACD52F136364004D18BD /* ContentView.swift in Sources */ = {isa = PBXBuildFile; fileRef = F3E4ACCC2F136364004D18BD /* ContentView.swift */; };
		F3E4ACE12F136C09004D18BD /* GRDB in Frameworks */ = {isa = PBXBuildFile; productRef = F3E4ACE02F136C09004D18BD /* GRDB */; };
		F3E4AD032F1374E8004D18BD /* AppState.swift in Sources */ = {isa = PBXBuildFile; fileRef = F3E4ACF42F1374E8004D18BD /* AppState.swift */; };
		F3E4AD042F1374E8004D18BD /* AudioCaptureService.swift in Sources */ = {isa = PBXBuildFile; fileRef = F3E4ACEE2F1374E8004D18BD /* AudioCaptureService.swift */; };
		F3E4AD052F1374E8004D18BD /* ASRService.swift in Sources */ = {isa = PBXBuildFile; fileRef = F3E4ACE92F1374E8004D18BD /* ASRService.swift */; };
		F3E4AD062F1374E8004D18BD /* AnswerView.swift in Sources */ = {isa = PBXBuildFile; fileRef = F3E4ACFF2F1374E8004D18BD /* AnswerView.swift */; };
		F3E4AD072F1374E8004D18BD /* SourcesView.swift in Sources */ = {isa = PBXBuildFile; fileRef = F3E4AD002F1374E8004D18BD /* SourcesView.swift */; };
		F3E4AD082F1374E8004D18BD /* QuestionDetector.swift in Sources */ = {isa = PBXBuildFile; fileRef = F3E4ACF22F1374E8004D18BD /* QuestionDetector.swift */; };
		F3E4AD092F1374E8004D18BD /* Logger.swift in Sources */ = {isa = PBXBuildFile; fileRef = F3E4ACFC2F1374E8004D18BD /* Logger.swift */; };
		F3E4AD0A2F1374E8004D18BD /* VADGate.swift in Sources */ = {isa = PBXBuildFile; fileRef = F3E4ACF02F1374E8004D18BD /* VADGate.swift */; };
		F3E4AD0B2F1374E8004D18BD /* RAGService.swift in Sources */ = {isa = PBXBuildFile; fileRef = F3E4ACEC2F1374E8004D18BD /* RAGService.swift */; };
		F3E4AD0C2F1374E8004D18BD /* MainViewModel.swift in Sources */ = {isa = PBXBuildFile; fileRef = F3E4ACE62F1374E8004D18BD /* MainViewModel.swift */; };
		F3E4AD0D2F1374E8004D18BD /* PushToTalkController.swift in Sources */ = {isa = PBXBuildFile; fileRef = F3E4ACEF2F1374E8004D18BD /* PushToTalkController.swift */; };
		F3E4AD0E2F1374E8004D18BD /* SearchIndex.swift in Sources */ = {isa = PBXBuildFile; fileRef = F3E4ACFA2F1374E8004D18BD /* SearchIndex.swift */; };
		F3E4AD0F2F1374E8004D18BD /* SentenceSelector.swift in Sources */ = {isa = PBXBuildFile; fileRef = F3E4ACF62F1374E8004D18BD /* SentenceSelector.swift */; };
		F3E4AD102F1374E8004D18BD /* LeapModelManager.swift in Sources */ = {isa = PBXBuildFile; fileRef = F3E4ACEA2F1374E8004D18BD /* LeapModelManager.swift */; };
		F3E4AD112F1374E8004D18BD /* DocPackLoader.swift in Sources */ = {isa = PBXBuildFile; fileRef = F3E4ACF82F1374E8004D18BD /* DocPackLoader.swift */; };
		F3E4AD122F1374E8004D18BD /* ModelIDs.swift in Sources */ = {isa = PBXBuildFile; fileRef = F3E4ACEB2F1374E8004D18BD /* ModelIDs.swift */; };
		F3E4AD132F1374E8004D18BD /* TranscriptView.swift in Sources */ = {isa = PBXBuildFile; fileRef = F3E4AD012F1374E8004D18BD /* TranscriptView.swift */; };
		F3E4AD142F1374E8004D18BD /* TaskQueue.swift in Sources */ = {isa = PBXBuildFile; fileRef = F3E4ACFD2F1374E8004D18BD /* TaskQueue.swift */; };
		F3E4AD152F1374E8004D18BD /* DocumentChunk.swift in Sources */ = {isa = PBXBuildFile; fileRef = F3E4ACF92F1374E8004D18BD /* DocumentChunk.swift */; };
		F3E4AD162F138A10004D18BD /* Resources/docpack.json in Resources */ = {isa = PBXBuildFile; fileRef = F3E4AD172F138A10004D18BD /* Resources/docpack.json */; };
/* End PBXBuildFile section */

/* Begin PBXFileReference section */
		04C618A4AA8EE0B3F1B6C8DD /* SummarizationService.swift */ = {isa = PBXFileReference; lastKnownFileType = sourcecode.swift; path = SummarizationService.swift; sourceTree = "<group>"; };
		6BA19F0705B8E9640F5E78D4 /* RecordView.swift */ = {isa = PBXFileReference; lastKnownFileType = sourcecode.swift; path = RecordView.swift; sourceTree = "<group>"; };
		773052F8ECC9718BF14A1B29 /* AudioFileRecorder.swift */ = {isa = PBXFileReference; lastKnownFileType = sourcecode.swift; path = AudioFileRecorder.swift; sourceTree = "<group>"; };
		8FEBC2BEBF23959E4AB0F195 /* LiveTranscriptionService.swift */ = {isa = PBXFileReference; lastKnownFileType = sourcecode.swift; path = LiveTranscriptionService.swift; sourceTree = "<group>"; };
		A0B1C2D3E4F5A6B7C8D9E0F1 /* models */ = {isa = PBXFileReference; lastKnownFileType = folder; path = models; sourceTree = "<group>"; };
		A11B22C33D44E55F66778899 /* Settings/SettingsView.swift */ = {isa = PBXFileReference; lastKnownFileType = sourcecode.swift; path = Settings/SettingsView.swift; sourceTree = "<group>"; };
		A73CCF9381359872DAE35A55 /* SessionView.swift */ = {isa = PBXFileReference; lastKnownFileType = sourcecode.swift; path = SessionView.swift; sourceTree = "<group>"; };
		A8A77661EEBBA5F56E644AD0 /* MeetingSession.swift */ = {isa = PBXFileReference; lastKnownFileType = sourcecode.swift; path = MeetingSession.swift; sourceTree = "<group>"; };
		A9273C4E3435F044B5F075FF /* FileStore.swift */ = {isa = PBXFileReference; lastKnownFileType = sourcecode.swift; path = FileStore.swift; sourceTree = "<group>"; };
		B11B22C33D44E55F66778899 /* Settings/LegalDocumentView.swift */ = {isa = PBXFileReference; lastKnownFileType = sourcecode.swift; path = Settings/LegalDocumentView.swift; sourceTree = "<group>"; };
		B1C2D3E4F5A60718293A4B5D /* HomeView.swift */ = {isa = PBXFileReference; lastKnownFileType = sourcecode.swift; path = HomeView.swift; sourceTree = "<group>"; };
		C11B22C33D44E55F66778899 /* Settings/AIDisclosureSheetView.swift */ = {isa = PBXFileReference; lastKnownFileType = sourcecode.swift; path = Settings/AIDisclosureSheetView.swift; sourceTree = "<group>"; };
		C1D2E3F4A5B60718293A4B5D /* SessionsListView.swift */ = {isa = PBXFileReference; lastKnownFileType = sourcecode.swift; path = SessionsListView.swift; sourceTree = "<group>"; };
		C7A1D2B3E4F5061728394A5B /* ChatModels.swift */ = {isa = PBXFileReference; lastKnownFileType = sourcecode.swift; path = ChatModels.swift; sourceTree = "<group>"; };
		C7A1D2B3E4F5061728394A5D /* ChatStore.swift */ = {isa = PBXFileReference; lastKnownFileType = sourcecode.swift; path = ChatStore.swift; sourceTree = "<group>"; };
		C7A1D2B3E4F5061728394A5F /* ChatViewModel.swift */ = {isa = PBXFileReference; lastKnownFileType = sourcecode.swift; path = ChatViewModel.swift; sourceTree = "<group>"; };
		C7A1D2B3E4F5061728394A61 /* ChatBubble.swift */ = {isa = PBXFileReference; lastKnownFileType = sourcecode.swift; path = ChatBubble.swift; sourceTree = "<group>"; };
		C7A1D2B3E4F5061728394A63 /* ChatView.swift */ = {isa = PBXFileReference; lastKnownFileType = sourcecode.swift; path = ChatView.swift; sourceTree = "<group>"; };
		D11B22C33D44E55F66778899 /* Resources/Legal/EULA.md */ = {isa = PBXFileReference; lastKnownFileType = net.daringfireball.markdown; path = Resources/Legal/EULA.md; sourceTree = "<group>"; };
		D1E2F3A4B5C60718293A4B5D /* QandAEntryView.swift */ = {isa = PBXFileReference; lastKnownFileType = sourcecode.swift; path = QandAEntryView.swift; sourceTree = "<group>"; };
		E11B22C33D44E55F66778899 /* Resources/Legal/PRIVACY.md */ = {isa = PBXFileReference; lastKnownFileType = net.daringfireball.markdown; path = Resources/Legal/PRIVACY.md; sourceTree = "<group>"; };
		E1BDBC98292B272B79D54F91 /* SessionViewModel.swift */ = {isa = PBXFileReference; lastKnownFileType = sourcecode.swift; path = SessionViewModel.swift; sourceTree = "<group>"; };
		E1F2A3B4C5D60718293A4B5D /* AppTheme.swift */ = {isa = PBXFileReference; lastKnownFileType = sourcecode.swift; path = AppTheme.swift; sourceTree = "<group>"; };
		EEFB51CA4261AC0E8A0C7E5B /* ShareSheet.swift */ = {isa = PBXFileReference; lastKnownFileType = sourcecode.swift; path = ShareSheet.swift; sourceTree = "<group>"; };
		F11B22C33D44E55F66778899 /* Resources/Legal/THIRD_PARTY_NOTICES.md */ = {isa = PBXFileReference; lastKnownFileType = net.daringfireball.markdown; path = Resources/Legal/THIRD_PARTY_NOTICES.md; sourceTree = "<group>"; };
		F1A2B3C4D5E60718293A4B5D /* RecordingComponents.swift */ = {isa = PBXFileReference; lastKnownFileType = sourcecode.swift; path = RecordingComponents.swift; sourceTree = "<group>"; };
		F3E4ACA92F1353B5004D18BD /* meeting-transcriber.app */ = {isa = PBXFileReference; explicitFileType = wrapper.application; includeInIndex = 0; path = "meeting-transcriber.app"; sourceTree = BUILT_PRODUCTS_DIR; };
		F3E4ACCB2F136364004D18BD /* Assets.xcassets */ = {isa = PBXFileReference; lastKnownFileType = folder.assetcatalog; path = Assets.xcassets; sourceTree = "<group>"; };
		F3E4ACCC2F136364004D18BD /* ContentView.swift */ = {isa = PBXFileReference; lastKnownFileType = sourcecode.swift; path = ContentView.swift; sourceTree = "<group>"; };
		F3E4ACCD2F136364004D18BD /* meeting_transcriberApp.swift */ = {isa = PBXFileReference; lastKnownFileType = sourcecode.swift; path = meeting_transcriberApp.swift; sourceTree = "<group>"; };
		F3E4ACE62F1374E8004D18BD /* MainViewModel.swift */ = {isa = PBXFileReference; lastKnownFileType = sourcecode.swift; path = MainViewModel.swift; sourceTree = "<group>"; };
		F3E4ACE92F1374E8004D18BD /* ASRService.swift */ = {isa = PBXFileReference; lastKnownFileType = sourcecode.swift; path = ASRService.swift; sourceTree = "<group>"; };
		F3E4ACEA2F1374E8004D18BD /* LeapModelManager.swift */ = {isa = PBXFileReference; lastKnownFileType = sourcecode.swift; path = LeapModelManager.swift; sourceTree = "<group>"; };
		F3E4ACEB2F1374E8004D18BD /* ModelIDs.swift */ = {isa = PBXFileReference; lastKnownFileType = sourcecode.swift; path = ModelIDs.swift; sourceTree = "<group>"; };
		F3E4ACEC2F1374E8004D18BD /* RAGService.swift */ = {isa = PBXFileReference; lastKnownFileType = sourcecode.swift; path = RAGService.swift; sourceTree = "<group>"; };
		F3E4ACEE2F1374E8004D18BD /* AudioCaptureService.swift */ = {isa = PBXFileReference; lastKnownFileType = sourcecode.swift; path = AudioCaptureService.swift; sourceTree = "<group>"; };
		F3E4ACEF2F1374E8004D18BD /* PushToTalkController.swift */ = {isa = PBXFileReference; lastKnownFileType = sourcecode.swift; path = PushToTalkController.swift; sourceTree = "<group>"; };
		F3E4ACF02F1374E8004D18BD /* VADGate.swift */ = {isa = PBXFileReference; lastKnownFileType = sourcecode.swift; path = VADGate.swift; sourceTree = "<group>"; };
		F3E4ACF22F1374E8004D18BD /* QuestionDetector.swift */ = {isa = PBXFileReference; lastKnownFileType = sourcecode.swift; path = QuestionDetector.swift; sourceTree = "<group>"; };
		F3E4ACF42F1374E8004D18BD /* AppState.swift */ = {isa = PBXFileReference; lastKnownFileType = sourcecode.swift; path = AppState.swift; sourceTree = "<group>"; };
		F3E4ACF62F1374E8004D18BD /* SentenceSelector.swift */ = {isa = PBXFileReference; lastKnownFileType = sourcecode.swift; path = SentenceSelector.swift; sourceTree = "<group>"; };
		F3E4ACF82F1374E8004D18BD /* DocPackLoader.swift */ = {isa = PBXFileReference; lastKnownFileType = sourcecode.swift; path = DocPackLoader.swift; sourceTree = "<group>"; };
		F3E4ACF92F1374E8004D18BD /* DocumentChunk.swift */ = {isa = PBXFileReference; lastKnownFileType = sourcecode.swift; path = DocumentChunk.swift; sourceTree = "<group>"; };
		F3E4ACFA2F1374E8004D18BD /* SearchIndex.swift */ = {isa = PBXFileReference; lastKnownFileType = sourcecode.swift; path = SearchIndex.swift; sourceTree = "<group>"; };
		F3E4ACFC2F1374E8004D18BD /* Logger.swift */ = {isa = PBXFileReference; lastKnownFileType = sourcecode.swift; path = Logger.swift; sourceTree = "<group>"; };
		F3E4ACFD2F1374E8004D18BD /* TaskQueue.swift */ = {isa = PBXFileReference; lastKnownFileType = sourcecode.swift; path = TaskQueue.swift; sourceTree = "<group>"; };
		F3E4ACFF2F1374E8004D18BD /* AnswerView.swift */ = {isa = PBXFileReference; lastKnownFileType = sourcecode.swift; path = AnswerView.swift; sourceTree = "<group>"; };
		F3E4AD002F1374E8004D18BD /* SourcesView.swift */ = {isa = PBXFileReference; lastKnownFileType = sourcecode.swift; path = SourcesView.swift; sourceTree = "<group>"; };
		F3E4AD012F1374E8004D18BD /* TranscriptView.swift */ = {isa = PBXFileReference; lastKnownFileType = sourcecode.swift; path = TranscriptView.swift; sourceTree = "<group>"; };
		F3E4AD172F138A10004D18BD /* Resources/docpack.json */ = {isa = PBXFileReference; lastKnownFileType = text.json; path = Resources/docpack.json; sourceTree = "<group>"; };
/* End PBXFileReference section */

/* Begin PBXFrameworksBuildPhase section */
		F3E4ACA62F1353B5004D18BD /* Frameworks */ = {
			isa = PBXFrameworksBuildPhase;
			buildActionMask = 2147483647;
			files = (
				F3E4ACE12F136C09004D18BD /* GRDB in Frameworks */,
				F3CCB34E2F25E6B000FF3738 /* LeapSDK in Frameworks */,
			);
			runOnlyForDeploymentPostprocessing = 0;
		};
/* End PBXFrameworksBuildPhase section */

/* Begin PBXGroup section */
		6B4D3DCEF26084754333AF87 /* Storage */ = {
			isa = PBXGroup;
			children = (
				A8A77661EEBBA5F56E644AD0 /* MeetingSession.swift */,
				C7A1D2B3E4F5061728394A5B /* ChatModels.swift */,
				C7A1D2B3E4F5061728394A5D /* ChatStore.swift */,
				A9273C4E3435F044B5F075FF /* FileStore.swift */,
			);
			path = Storage;
			sourceTree = "<group>";
		};
		F3CCB34C2F25E6B000FF3738 /* Frameworks */ = {
			isa = PBXGroup;
			children = (
			);
			name = Frameworks;
			sourceTree = "<group>";
		};
		F3E4ACA02F1353B5004D18BD = {
			isa = PBXGroup;
			children = (
				F3E4ACCE2F136364004D18BD /* MeetingPrompterIOS */,
				F3CCB34C2F25E6B000FF3738 /* Frameworks */,
				F3E4ACAA2F1353B5004D18BD /* Products */,
			);
			sourceTree = "<group>";
		};
		F3E4ACAA2F1353B5004D18BD /* Products */ = {
			isa = PBXGroup;
			children = (
				F3E4ACA92F1353B5004D18BD /* meeting-transcriber.app */,
			);
			name = Products;
			sourceTree = "<group>";
		};
		F3E4ACCE2F136364004D18BD /* MeetingPrompterIOS */ = {
			isa = PBXGroup;
			children = (
				F3E4ACE82F1374E8004D18BD /* App */,
				F3E4ACF52F1374E8004D18BD /* Core */,
				F3E4ACF72F1374E8004D18BD /* Grounding */,
				F3E4ACFB2F1374E8004D18BD /* Retrieval */,
				F3E4ACFE2F1374E8004D18BD /* Utils */,
				F3E4AD022F1374E8004D18BD /* Views */,
				A0B1C2D3E4F5A6B7C8D9E0F1 /* models */,
				F3E4AD172F138A10004D18BD /* Resources/docpack.json */,
				D11B22C33D44E55F66778899 /* Resources/Legal/EULA.md */,
				E11B22C33D44E55F66778899 /* Resources/Legal/PRIVACY.md */,
				F11B22C33D44E55F66778899 /* Resources/Legal/THIRD_PARTY_NOTICES.md */,
				F3E4ACCB2F136364004D18BD /* Assets.xcassets */,
				F3E4ACCC2F136364004D18BD /* ContentView.swift */,
				F3E4ACCD2F136364004D18BD /* meeting_transcriberApp.swift */,
			);
			path = MeetingPrompterIOS;
			sourceTree = "<group>";
		};
		F3E4ACE72F1374E8004D18BD /* ViewModels */ = {
			isa = PBXGroup;
			children = (
				C7A1D2B3E4F5061728394A5F /* ChatViewModel.swift */,
				F3E4ACE62F1374E8004D18BD /* MainViewModel.swift */,
				E1BDBC98292B272B79D54F91 /* SessionViewModel.swift */,
			);
			path = ViewModels;
			sourceTree = "<group>";
		};
		F3E4ACE82F1374E8004D18BD /* App */ = {
			isa = PBXGroup;
			children = (
				F3E4ACE72F1374E8004D18BD /* ViewModels */,
			);
			path = App;
			sourceTree = "<group>";
		};
		F3E4ACED2F1374E8004D18BD /* AI */ = {
			isa = PBXGroup;
			children = (
				F3E4ACE92F1374E8004D18BD /* ASRService.swift */,
				8FEBC2BEBF23959E4AB0F195 /* LiveTranscriptionService.swift */,
				04C618A4AA8EE0B3F1B6C8DD /* SummarizationService.swift */,
				F3E4ACEA2F1374E8004D18BD /* LeapModelManager.swift */,
				F3E4ACEB2F1374E8004D18BD /* ModelIDs.swift */,
				F3E4ACEC2F1374E8004D18BD /* RAGService.swift */,
			);
			path = AI;
			sourceTree = "<group>";
		};
		F3E4ACF12F1374E8004D18BD /* Audio */ = {
			isa = PBXGroup;
			children = (
				F3E4ACEE2F1374E8004D18BD /* AudioCaptureService.swift */,
				773052F8ECC9718BF14A1B29 /* AudioFileRecorder.swift */,
				F3E4ACEF2F1374E8004D18BD /* PushToTalkController.swift */,
				F3E4ACF02F1374E8004D18BD /* VADGate.swift */,
			);
			path = Audio;
			sourceTree = "<group>";
		};
		F3E4ACF32F1374E8004D18BD /* RAG */ = {
			isa = PBXGroup;
			children = (
				F3E4ACF22F1374E8004D18BD /* QuestionDetector.swift */,
			);
			path = RAG;
			sourceTree = "<group>";
		};
		F3E4ACF52F1374E8004D18BD /* Core */ = {
			isa = PBXGroup;
			children = (
				F3E4ACED2F1374E8004D18BD /* AI */,
				F3E4ACF12F1374E8004D18BD /* Audio */,
				F3E4ACF32F1374E8004D18BD /* RAG */,
				6B4D3DCEF26084754333AF87 /* Storage */,
				F3E4ACF42F1374E8004D18BD /* AppState.swift */,
			);
			path = Core;
			sourceTree = "<group>";
		};
		F3E4ACF72F1374E8004D18BD /* Grounding */ = {
			isa = PBXGroup;
			children = (
				F3E4ACF62F1374E8004D18BD /* SentenceSelector.swift */,
			);
			path = Grounding;
			sourceTree = "<group>";
		};
		F3E4ACFB2F1374E8004D18BD /* Retrieval */ = {
			isa = PBXGroup;
			children = (
				F3E4ACF82F1374E8004D18BD /* DocPackLoader.swift */,
				F3E4ACF92F1374E8004D18BD /* DocumentChunk.swift */,
				F3E4ACFA2F1374E8004D18BD /* SearchIndex.swift */,
			);
			path = Retrieval;
			sourceTree = "<group>";
		};
		F3E4ACFE2F1374E8004D18BD /* Utils */ = {
			isa = PBXGroup;
			children = (
				F3E4ACFC2F1374E8004D18BD /* Logger.swift */,
				F3E4ACFD2F1374E8004D18BD /* TaskQueue.swift */,
			);
			path = Utils;
			sourceTree = "<group>";
		};
		F3E4AD022F1374E8004D18BD /* Views */ = {
			isa = PBXGroup;
			children = (
				E1F2A3B4C5D60718293A4B5D /* AppTheme.swift */,
				F3E4ACFF2F1374E8004D18BD /* AnswerView.swift */,
				C7A1D2B3E4F5061728394A63 /* ChatView.swift */,
				C7A1D2B3E4F5061728394A61 /* ChatBubble.swift */,
				B1C2D3E4F5A60718293A4B5D /* HomeView.swift */,
				A11B22C33D44E55F66778899 /* Settings/SettingsView.swift */,
				B11B22C33D44E55F66778899 /* Settings/LegalDocumentView.swift */,
				C11B22C33D44E55F66778899 /* Settings/AIDisclosureSheetView.swift */,
				D1E2F3A4B5C60718293A4B5D /* QandAEntryView.swift */,
				F1A2B3C4D5E60718293A4B5D /* RecordingComponents.swift */,
				6BA19F0705B8E9640F5E78D4 /* RecordView.swift */,
				C1D2E3F4A5B60718293A4B5D /* SessionsListView.swift */,
				EEFB51CA4261AC0E8A0C7E5B /* ShareSheet.swift */,
				A73CCF9381359872DAE35A55 /* SessionView.swift */,
				F3E4AD002F1374E8004D18BD /* SourcesView.swift */,
				F3E4AD012F1374E8004D18BD /* TranscriptView.swift */,
			);
			path = Views;
			sourceTree = "<group>";
		};
/* End PBXGroup section */

/* Begin PBXNativeTarget section */
		F3E4ACA82F1353B5004D18BD /* meeting-transcriber */ = {
			isa = PBXNativeTarget;
			buildConfigurationList = F3E4ACB42F1353B6004D18BD /* Build configuration list for PBXNativeTarget "meeting-transcriber" */;
			buildPhases = (
				F3E4ACA52F1353B5004D18BD /* Sources */,
				F3E4ACA62F1353B5004D18BD /* Frameworks */,
				F3E4ACA72F1353B5004D18BD /* Resources */,
			);
			buildRules = (
			);
			dependencies = (
			);
			name = "meeting-transcriber";
			packageProductDependencies = (
				F3E4ACE02F136C09004D18BD /* GRDB */,
				F3CCB34D2F25E6B000FF3738 /* LeapSDK */,
			);
			productName = "meeting-transcriber";
			productReference = F3E4ACA92F1353B5004D18BD /* meeting-transcriber.app */;
			productType = "com.apple.product-type.application";
		};
/* End PBXNativeTarget section */

/* Begin PBXProject section */
		F3E4ACA12F1353B5004D18BD /* Project object */ = {
			isa = PBXProject;
			attributes = {
				BuildIndependentTargetsInParallel = 1;
				LastSwiftUpdateCheck = 2610;
				LastUpgradeCheck = 2620;
				TargetAttributes = {
					F3E4ACA82F1353B5004D18BD = {
						CreatedOnToolsVersion = 26.1;
					};
				};
			};
			buildConfigurationList = F3E4ACA42F1353B5004D18BD /* Build configuration list for PBXProject "meeting-transcriber" */;
			developmentRegion = en;
			hasScannedForEncodings = 0;
			knownRegions = (
				en,
				Base,
			);
			mainGroup = F3E4ACA02F1353B5004D18BD;
			minimizedProjectReferenceProxies = 1;
			packageReferences = (
				F3E4ACDF2F136C09004D18BD /* XCRemoteSwiftPackageReference "GRDB.swift" */,
				F3CCB3492F25E64C00FF3738 /* XCLocalSwiftPackageReference "../../ios_models/leap-ios-main" */,
			);
			preferredProjectObjectVersion = 77;
			productRefGroup = F3E4ACAA2F1353B5004D18BD /* Products */;
			projectDirPath = "";
			projectRoot = "";
			targets = (
				F3E4ACA82F1353B5004D18BD /* meeting-transcriber */,
			);
		};
/* End PBXProject section */

/* Begin PBXResourcesBuildPhase section */
		F3E4ACA72F1353B5004D18BD /* Resources */ = {
			isa = PBXResourcesBuildPhase;
			buildActionMask = 2147483647;
			files = (
				A0B1C2D3E4F5A6B7C8D9E0F2 /* models in Resources */,
				F3E4ACD12F136364004D18BD /* Assets.xcassets in Resources */,
				F3E4AD162F138A10004D18BD /* Resources/docpack.json in Resources */,
				D11B22C33D44E55F6677889A /* Resources/Legal/EULA.md in Resources */,
				E11B22C33D44E55F6677889A /* Resources/Legal/PRIVACY.md in Resources */,
				F11B22C33D44E55F6677889A /* Resources/Legal/THIRD_PARTY_NOTICES.md in Resources */,
			);
			runOnlyForDeploymentPostprocessing = 0;
		};
/* End PBXResourcesBuildPhase section */

/* Begin PBXSourcesBuildPhase section */
		F3E4ACA52F1353B5004D18BD /* Sources */ = {
			isa = PBXSourcesBuildPhase;
			buildActionMask = 2147483647;
			files = (
				F3E4AD032F1374E8004D18BD /* AppState.swift in Sources */,
				F3E4AD042F1374E8004D18BD /* AudioCaptureService.swift in Sources */,
				8E2530B614773D8B35BDE7B9 /* AudioFileRecorder.swift in Sources */,
				F3E4AD052F1374E8004D18BD /* ASRService.swift in Sources */,
				C0D6457B1EFC0EC72A9378CD /* LiveTranscriptionService.swift in Sources */,
				87FA4EE1B0D23D9BDE43954E /* SummarizationService.swift in Sources */,
				F3E4AD062F1374E8004D18BD /* AnswerView.swift in Sources */,
				B1C2D3E4F5A60718293A4B5E /* AppTheme.swift in Sources */,
				C1D2E3F4A5B60718293A4B5E /* HomeView.swift in Sources */,
				A11B22C33D44E55F6677889A /* Settings/SettingsView.swift in Sources */,
				B11B22C33D44E55F6677889A /* Settings/LegalDocumentView.swift in Sources */,
				C11B22C33D44E55F6677889A /* Settings/AIDisclosureSheetView.swift in Sources */,
				D1E2F3A4B5C60718293A4B5E /* QandAEntryView.swift in Sources */,
				BB95FEBEC4D7378AE63FE7BA /* RecordView.swift in Sources */,
				F1A2B3C4D5E60718293A4B5E /* RecordingComponents.swift in Sources */,
				E1F2A3B4C5D60718293A4B5E /* SessionsListView.swift in Sources */,
				95CE375CC6FB4FB0562F3964 /* ShareSheet.swift in Sources */,
				A1BC3F44C8FAF969EE7C1641 /* SessionView.swift in Sources */,
				F3E4AD072F1374E8004D18BD /* SourcesView.swift in Sources */,
				F3E4AD082F1374E8004D18BD /* QuestionDetector.swift in Sources */,
				A20C37849C11588B6D4B4344 /* SessionViewModel.swift in Sources */,
				C7A1D2B3E4F5061728394A60 /* ChatViewModel.swift in Sources */,
				F3E4AD092F1374E8004D18BD /* Logger.swift in Sources */,
				F3E4AD0A2F1374E8004D18BD /* VADGate.swift in Sources */,
				F3E4AD0B2F1374E8004D18BD /* RAGService.swift in Sources */,
				F3E4AD0C2F1374E8004D18BD /* MainViewModel.swift in Sources */,
				19FDBB0FFCC5E1BFBACA400F /* MeetingSession.swift in Sources */,
				C7A1D2B3E4F5061728394A5C /* ChatModels.swift in Sources */,
				C7A1D2B3E4F5061728394A5E /* ChatStore.swift in Sources */,
				75959A4C82C0EFE55EA47EFA /* FileStore.swift in Sources */,
				F3E4AD0D2F1374E8004D18BD /* PushToTalkController.swift in Sources */,
				F3E4AD0E2F1374E8004D18BD /* SearchIndex.swift in Sources */,
				F3E4AD0F2F1374E8004D18BD /* SentenceSelector.swift in Sources */,
				F3E4AD102F1374E8004D18BD /* LeapModelManager.swift in Sources */,
				F3E4AD112F1374E8004D18BD /* DocPackLoader.swift in Sources */,
				F3E4AD122F1374E8004D18BD /* ModelIDs.swift in Sources */,
				F3E4AD132F1374E8004D18BD /* TranscriptView.swift in Sources */,
				C7A1D2B3E4F5061728394A64 /* ChatView.swift in Sources */,
				C7A1D2B3E4F5061728394A62 /* ChatBubble.swift in Sources */,
				F3E4AD142F1374E8004D18BD /* TaskQueue.swift in Sources */,
				F3E4AD152F1374E8004D18BD /* DocumentChunk.swift in Sources */,
				F3E4ACD42F136364004D18BD /* meeting_transcriberApp.swift in Sources */,
				F3E4ACD52F136364004D18BD /* ContentView.swift in Sources */,
			);
			runOnlyForDeploymentPostprocessing = 0;
		};
/* End PBXSourcesBuildPhase section */

/* Begin XCBuildConfiguration section */
		F3E4ACB22F1353B6004D18BD /* Debug */ = {
			isa = XCBuildConfiguration;
			buildSettings = {
				ALWAYS_SEARCH_USER_PATHS = NO;
				ASSETCATALOG_COMPILER_GENERATE_SWIFT_ASSET_SYMBOL_EXTENSIONS = YES;
				CLANG_ANALYZER_NONNULL = YES;
				CLANG_ANALYZER_NUMBER_OBJECT_CONVERSION = YES_AGGRESSIVE;
				CLANG_CXX_LANGUAGE_STANDARD = "gnu++20";
				CLANG_ENABLE_MODULES = YES;
				CLANG_ENABLE_OBJC_ARC = YES;
				CLANG_ENABLE_OBJC_WEAK = YES;
				CLANG_WARN_BLOCK_CAPTURE_AUTORELEASING = YES;
				CLANG_WARN_BOOL_CONVERSION = YES;
				CLANG_WARN_COMMA = YES;
				CLANG_WARN_CONSTANT_CONVERSION = YES;
				CLANG_WARN_DEPRECATED_OBJC_IMPLEMENTATIONS = YES;
				CLANG_WARN_DIRECT_OBJC_ISA_USAGE = YES_ERROR;
				CLANG_WARN_DOCUMENTATION_COMMENTS = YES;
				CLANG_WARN_EMPTY_BODY = YES;
				CLANG_WARN_ENUM_CONVERSION = YES;
				CLANG_WARN_INFINITE_RECURSION = YES;
				CLANG_WARN_INT_CONVERSION = YES;
				CLANG_WARN_NON_LITERAL_NULL_CONVERSION = YES;
				CLANG_WARN_OBJC_IMPLICIT_RETAIN_SELF = YES;
				CLANG_WARN_OBJC_LITERAL_CONVERSION = YES;
				CLANG_WARN_OBJC_ROOT_CLASS = YES_ERROR;
				CLANG_WARN_QUOTED_INCLUDE_IN_FRAMEWORK_HEADER = YES;
				CLANG_WARN_RANGE_LOOP_ANALYSIS = YES;
				CLANG_WARN_STRICT_PROTOTYPES = YES;
				CLANG_WARN_SUSPICIOUS_MOVE = YES;
				CLANG_WARN_UNGUARDED_AVAILABILITY = YES_AGGRESSIVE;
				CLANG_WARN_UNREACHABLE_CODE = YES;
				CLANG_WARN__DUPLICATE_METHOD_MATCH = YES;
				COPY_PHASE_STRIP = NO;
				DEBUG_INFORMATION_FORMAT = dwarf;
				DEVELOPMENT_TEAM = WH7Z9N74X5;
				ENABLE_STRICT_OBJC_MSGSEND = YES;
				ENABLE_TESTABILITY = YES;
				ENABLE_USER_SCRIPT_SANDBOXING = YES;
				GCC_C_LANGUAGE_STANDARD = gnu17;
				GCC_DYNAMIC_NO_PIC = NO;
				GCC_NO_COMMON_BLOCKS = YES;
				GCC_OPTIMIZATION_LEVEL = 0;
				GCC_PREPROCESSOR_DEFINITIONS = (
					"DEBUG=1",
					"$(inherited)",
				);
				GCC_WARN_64_TO_32_BIT_CONVERSION = YES;
				GCC_WARN_ABOUT_RETURN_TYPE = YES_ERROR;
				GCC_WARN_UNDECLARED_SELECTOR = YES;
				GCC_WARN_UNINITIALIZED_AUTOS = YES_AGGRESSIVE;
				GCC_WARN_UNUSED_FUNCTION = YES;
				GCC_WARN_UNUSED_VARIABLE = YES;
				IPHONEOS_DEPLOYMENT_TARGET = 26.1;
				LOCALIZATION_PREFERS_STRING_CATALOGS = YES;
				MTL_ENABLE_DEBUG_INFO = INCLUDE_SOURCE;
				MTL_FAST_MATH = YES;
				ONLY_ACTIVE_ARCH = YES;
				SDKROOT = iphoneos;
				STRING_CATALOG_GENERATE_SYMBOLS = YES;
				SWIFT_ACTIVE_COMPILATION_CONDITIONS = "DEBUG $(inherited)";
				SWIFT_OPTIMIZATION_LEVEL = "-Onone";
			};
			name = Debug;
		};
		F3E4ACB32F1353B6004D18BD /* Release */ = {
			isa = XCBuildConfiguration;
			buildSettings = {
				ALWAYS_SEARCH_USER_PATHS = NO;
				ASSETCATALOG_COMPILER_GENERATE_SWIFT_ASSET_SYMBOL_EXTENSIONS = YES;
				CLANG_ANALYZER_NONNULL = YES;
				CLANG_ANALYZER_NUMBER_OBJECT_CONVERSION = YES_AGGRESSIVE;
				CLANG_CXX_LANGUAGE_STANDARD = "gnu++20";
				CLANG_ENABLE_MODULES = YES;
				CLANG_ENABLE_OBJC_ARC = YES;
				CLANG_ENABLE_OBJC_WEAK = YES;
				CLANG_WARN_BLOCK_CAPTURE_AUTORELEASING = YES;
				CLANG_WARN_BOOL_CONVERSION = YES;
				CLANG_WARN_COMMA = YES;
				CLANG_WARN_CONSTANT_CONVERSION = YES;
				CLANG_WARN_DEPRECATED_OBJC_IMPLEMENTATIONS = YES;
				CLANG_WARN_DIRECT_OBJC_ISA_USAGE = YES_ERROR;
				CLANG_WARN_DOCUMENTATION_COMMENTS = YES;
				CLANG_WARN_EMPTY_BODY = YES;
				CLANG_WARN_ENUM_CONVERSION = YES;
				CLANG_WARN_INFINITE_RECURSION = YES;
				CLANG_WARN_INT_CONVERSION = YES;
				CLANG_WARN_NON_LITERAL_NULL_CONVERSION = YES;
				CLANG_WARN_OBJC_IMPLICIT_RETAIN_SELF = YES;
				CLANG_WARN_OBJC_LITERAL_CONVERSION = YES;
				CLANG_WARN_OBJC_ROOT_CLASS = YES_ERROR;
				CLANG_WARN_QUOTED_INCLUDE_IN_FRAMEWORK_HEADER = YES;
				CLANG_WARN_RANGE_LOOP_ANALYSIS = YES;
				CLANG_WARN_STRICT_PROTOTYPES = YES;
				CLANG_WARN_SUSPICIOUS_MOVE = YES;
				CLANG_WARN_UNGUARDED_AVAILABILITY = YES_AGGRESSIVE;
				CLANG_WARN_UNREACHABLE_CODE = YES;
				CLANG_WARN__DUPLICATE_METHOD_MATCH = YES;
				COPY_PHASE_STRIP = NO;
				DEBUG_INFORMATION_FORMAT = "dwarf-with-dsym";
				DEVELOPMENT_TEAM = WH7Z9N74X5;
				ENABLE_NS_ASSERTIONS = NO;
				ENABLE_STRICT_OBJC_MSGSEND = YES;
				ENABLE_USER_SCRIPT_SANDBOXING = YES;
				GCC_C_LANGUAGE_STANDARD = gnu17;
				GCC_NO_COMMON_BLOCKS = YES;
				GCC_WARN_64_TO_32_BIT_CONVERSION = YES;
				GCC_WARN_ABOUT_RETURN_TYPE = YES_ERROR;
				GCC_WARN_UNDECLARED_SELECTOR = YES;
				GCC_WARN_UNINITIALIZED_AUTOS = YES_AGGRESSIVE;
				GCC_WARN_UNUSED_FUNCTION = YES;
				GCC_WARN_UNUSED_VARIABLE = YES;
				IPHONEOS_DEPLOYMENT_TARGET = 26.1;
				LOCALIZATION_PREFERS_STRING_CATALOGS = YES;
				MTL_ENABLE_DEBUG_INFO = NO;
				MTL_FAST_MATH = YES;
				SDKROOT = iphoneos;
				STRING_CATALOG_GENERATE_SYMBOLS = YES;
				SWIFT_COMPILATION_MODE = wholemodule;
				VALIDATE_PRODUCT = YES;
			};
			name = Release;
		};
		F3E4ACB52F1353B6004D18BD /* Debug */ = {
			isa = XCBuildConfiguration;
			buildSettings = {
				ASSETCATALOG_COMPILER_APPICON_NAME = AppIcon;
				ASSETCATALOG_COMPILER_GLOBAL_ACCENT_COLOR_NAME = AccentColor;
				CODE_SIGN_STYLE = Automatic;
				CURRENT_PROJECT_VERSION = 1;
				DEVELOPMENT_TEAM = WH7Z9N74X5;
				ENABLE_PREVIEWS = YES;
				GENERATE_INFOPLIST_FILE = YES;
				INFOPLIST_KEY_CFBundleDisplayName = "Meet Puppet";
				INFOPLIST_KEY_NSMicrophoneUsageDescription = "Meeting Prompter needs microphone access to record your questions for transcription.";
				INFOPLIST_KEY_UIApplicationSceneManifest_Generation = YES;
				INFOPLIST_KEY_UIApplicationSupportsIndirectInputEvents = YES;
				INFOPLIST_KEY_UILaunchScreen_Generation = YES;
				INFOPLIST_KEY_UISupportedInterfaceOrientations_iPad = "UIInterfaceOrientationPortrait UIInterfaceOrientationPortraitUpsideDown UIInterfaceOrientationLandscapeLeft UIInterfaceOrientationLandscapeRight";
				INFOPLIST_KEY_UISupportedInterfaceOrientations_iPhone = "UIInterfaceOrientationPortrait UIInterfaceOrientationLandscapeLeft UIInterfaceOrientationLandscapeRight";
				LD_RUNPATH_SEARCH_PATHS = (
					"$(inherited)",
					"@executable_path/Frameworks",
				);
				MARKETING_VERSION = 1.0;
				PRODUCT_BUNDLE_IDENTIFIER = "com.alexcovo.meeting-transcriber";
				PRODUCT_NAME = "$(TARGET_NAME)";
				STRING_CATALOG_GENERATE_SYMBOLS = YES;
				SWIFT_APPROACHABLE_CONCURRENCY = YES;
				SWIFT_DEFAULT_ACTOR_ISOLATION = nonisolated;
				SWIFT_EMIT_LOC_STRINGS = YES;
				SWIFT_UPCOMING_FEATURE_MEMBER_IMPORT_VISIBILITY = YES;
				SWIFT_VERSION = 5.0;
				TARGETED_DEVICE_FAMILY = "1,2";
			};
			name = Debug;
		};
		F3E4ACB62F1353B6004D18BD /* Release */ = {
			isa = XCBuildConfiguration;
			buildSettings = {
				ASSETCATALOG_COMPILER_APPICON_NAME = AppIcon;
				ASSETCATALOG_COMPILER_GLOBAL_ACCENT_COLOR_NAME = AccentColor;
				CODE_SIGN_STYLE = Automatic;
				CURRENT_PROJECT_VERSION = 1;
				DEVELOPMENT_TEAM = WH7Z9N74X5;
				ENABLE_PREVIEWS = YES;
				GENERATE_INFOPLIST_FILE = YES;
				INFOPLIST_KEY_CFBundleDisplayName = "Meet Puppet";
				INFOPLIST_KEY_NSMicrophoneUsageDescription = "Meeting Prompter needs microphone access to record your questions for transcription.";
				INFOPLIST_KEY_UIApplicationSceneManifest_Generation = YES;
				INFOPLIST_KEY_UIApplicationSupportsIndirectInputEvents = YES;
				INFOPLIST_KEY_UILaunchScreen_Generation = YES;
				INFOPLIST_KEY_UISupportedInterfaceOrientations_iPad = "UIInterfaceOrientationPortrait UIInterfaceOrientationPortraitUpsideDown UIInterfaceOrientationLandscapeLeft UIInterfaceOrientationLandscapeRight";
				INFOPLIST_KEY_UISupportedInterfaceOrientations_iPhone = "UIInterfaceOrientationPortrait UIInterfaceOrientationLandscapeLeft UIInterfaceOrientationLandscapeRight";
				LD_RUNPATH_SEARCH_PATHS = (
					"$(inherited)",
					"@executable_path/Frameworks",
				);
				MARKETING_VERSION = 1.0;
				PRODUCT_BUNDLE_IDENTIFIER = "com.alexcovo.meeting-transcriber";
				PRODUCT_NAME = "$(TARGET_NAME)";
				STRING_CATALOG_GENERATE_SYMBOLS = YES;
				SWIFT_APPROACHABLE_CONCURRENCY = YES;
				SWIFT_DEFAULT_ACTOR_ISOLATION = nonisolated;
				SWIFT_EMIT_LOC_STRINGS = YES;
				SWIFT_UPCOMING_FEATURE_MEMBER_IMPORT_VISIBILITY = YES;
				SWIFT_VERSION = 5.0;
				TARGETED_DEVICE_FAMILY = "1,2";
			};
			name = Release;
		};
/* End XCBuildConfiguration section */

/* Begin XCConfigurationList section */
		F3E4ACA42F1353B5004D18BD /* Build configuration list for PBXProject "meeting-transcriber" */ = {
			isa = XCConfigurationList;
			buildConfigurations = (
				F3E4ACB22F1353B6004D18BD /* Debug */,
				F3E4ACB32F1353B6004D18BD /* Release */,
			);
			defaultConfigurationIsVisible = 0;
			defaultConfigurationName = Release;
		};
		F3E4ACB42F1353B6004D18BD /* Build configuration list for PBXNativeTarget "meeting-transcriber" */ = {
			isa = XCConfigurationList;
			buildConfigurations = (
				F3E4ACB52F1353B6004D18BD /* Debug */,
				F3E4ACB62F1353B6004D18BD /* Release */,
			);
			defaultConfigurationIsVisible = 0;
			defaultConfigurationName = Release;
		};
/* End XCConfigurationList section */

/* Begin XCLocalSwiftPackageReference section */
		F3CCB3492F25E64C00FF3738 /* XCLocalSwiftPackageReference "../../ios_models/leap-ios-main" */ = {
			isa = XCLocalSwiftPackageReference;
			relativePath = "../../ios_models/leap-ios-main";
		};
/* End XCLocalSwiftPackageReference section */

/* Begin XCRemoteSwiftPackageReference section */
		F3E4ACDF2F136C09004D18BD /* XCRemoteSwiftPackageReference "GRDB.swift" */ = {
			isa = XCRemoteSwiftPackageReference;
			repositoryURL = "https://github.com/groue/GRDB.swift.git";
			requirement = {
				branch = master;
				kind = branch;
			};
		};
/* End XCRemoteSwiftPackageReference section */

/* Begin XCSwiftPackageProductDependency section */
		F3CCB34D2F25E6B000FF3738 /* LeapSDK */ = {
			isa = XCSwiftPackageProductDependency;
			package = F3CCB3492F25E64C00FF3738 /* XCLocalSwiftPackageReference "../../ios_models/leap-ios-main" */;
			productName = LeapSDK;
		};
		F3E4ACE02F136C09004D18BD /* GRDB */ = {
			isa = XCSwiftPackageProductDependency;
			package = F3E4ACDF2F136C09004D18BD /* XCRemoteSwiftPackageReference "GRDB.swift" */;
			productName = GRDB;
		};
/* End XCSwiftPackageProductDependency section */
	};
	rootObject = F3E4ACA12F1353B5004D18BD /* Project object */;
}
